github.com/GDquest/website-theme-learn v0.0.0-20191018082641-51dbdcf4aaef h1:+bwCqnC9lISn9kamqXISdJDvTdLWcZRDsynxeJrxpZE=
github.com/GDquest/website-theme-learn v0.0.0-20191018082641-51dbdcf4aaef/go.mod h1:IBS5otb8i/gEmCxILnlFpbRQ3LGfXbbzL3AsctXMlxA=
github.com/GDquest/website-theme-learn v0.0.0-20191206135925-378d6d090910 h1:R65BsXO3l35WPbGm7OdVqQtXvIRDJlfleRBeRtcX82k=
github.com/GDquest/website-theme-learn v0.0.0-20191206135925-378d6d090910/go.mod h1:T+dzu1wxS04dlPvjWLJZxD9cH+yIlb8cNTKUCxN/iow=
