github.com/matcornic/hugo-theme-learn v0.0.0-20200414101206-d4abb3c9a103 h1:io8wc0K6UK8JhBtYYEASIrT3wecoARnbDyxz7Bc9sxg=
github.com/matcornic/hugo-theme-learn v0.0.0-20200414101206-d4abb3c9a103/go.mod h1:YoToDcvQxmAFhpEuapKUysBDEBckqDEssqTrmeZ2+uY=
github.com/matcornic/hugo-theme-learn v0.0.0-20200601144331-3efb32712c5c h1:xPoHdfS2a/O/6q4LuhMtusqa6hP5f69d6LwiyfvkDfE=
github.com/matcornic/hugo-theme-learn v0.0.0-20200601144331-3efb32712c5c/go.mod h1:YoToDcvQxmAFhpEuapKUysBDEBckqDEssqTrmeZ2+uY=
